<?xml version="1.0" encoding="utf-8"?>
<Project ToolsVersion="4.0" xmlns="http://schemas.microsoft.com/developer/msbuild/2003">
  <ItemGroup>
    <Filter Include="Source Files">
      <UniqueIdentifier>{4FC737F1-C7A5-4376-A066-2A32D752A2FF}</UniqueIdentifier>
      <Extensions>cpp;c;cc;cxx;def;odl;idl;hpj;bat;asm;asmx</Extensions>
    </Filter>
    <Filter Include="Header Files">
      <UniqueIdentifier>{93995380-89BD-4b04-88EB-625FBE52EBFB}</UniqueIdentifier>
      <Extensions>h;hh;hpp;hxx;hm;inl;inc;xsd</Extensions>
    </Filter>
    <Filter Include="Resource Files">
      <UniqueIdentifier>{67DA6AB6-F800-4c08-8B7A-83BB121AAD01}</UniqueIdentifier>
      <Extensions>rc;ico;cur;bmp;dlg;rc2;rct;bin;rgs;gif;jpg;jpeg;jpe;resx;tiff;tif;png;wav</Extensions>
    </Filter>
    <Filter Include="Header Files\Ast">
      <UniqueIdentifier>{b736c1bc-e471-4b05-bf14-dc45697b2323}</UniqueIdentifier>
    </Filter>
    <Filter Include="Header Files\Lox">
      <UniqueIdentifier>{550740fe-895e-48eb-9c57-ed8b141486f5}</UniqueIdentifier>
    </Filter>
    <Filter Include="Header Files\Scanner">
      <UniqueIdentifier>{f1aee3d7-8fb2-4fe6-9780-ed0fd4ba5e84}</UniqueIdentifier>
    </Filter>
    <Filter Include="Source Files\Ast">
      <UniqueIdentifier>{fe958580-370d-4088-821f-f3734033847c}</UniqueIdentifier>
    </Filter>
    <Filter Include="Source Files\Lox">
      <UniqueIdentifier>{81ac77fe-bb15-4d3d-b6c5-bc45859a7c71}</UniqueIdentifier>
    </Filter>
    <Filter Include="Source Files\Scanner">
      <UniqueIdentifier>{8b2b337d-e864-4b2b-88b0-44006f8144f5}</UniqueIdentifier>
    </Filter>
    <Filter Include="Header Files\Parser">
      <UniqueIdentifier>{bd85aa31-fe2f-46e7-bf60-df3a0bb585c5}</UniqueIdentifier>
    </Filter>
    <Filter Include="Source Files\Parser">
      <UniqueIdentifier>{ecab14a3-84f7-4366-8ea5-f7cb8532afa5}</UniqueIdentifier>
    </Filter>
  </ItemGroup>
  <ItemGroup>
    <ClCompile Include="main.cpp">
      <Filter>Source Files</Filter>
    </ClCompile>
    <ClCompile Include="Lox.cpp">
      <Filter>Source Files\Lox</Filter>
    </ClCompile>
    <ClCompile Include="Scanner.cpp">
      <Filter>Source Files\Scanner</Filter>
    </ClCompile>
    <ClCompile Include="Token.cpp">
      <Filter>Source Files\Scanner</Filter>
    </ClCompile>
    <ClCompile Include="AstPrinterVisitor.cpp">
      <Filter>Source Files\Ast</Filter>
    </ClCompile>
    <ClCompile Include="Parser.cpp">
      <Filter>Source Files\Parser</Filter>
    </ClCompile>
    <ClCompile Include="Expr.cpp">
      <Filter>Source Files\Ast</Filter>
    </ClCompile>
  </ItemGroup>
  <ItemGroup>
    <ClInclude Include="Lox.hpp">
      <Filter>Header Files\Lox</Filter>
    </ClInclude>
    <ClInclude Include="Scanner.hpp">
      <Filter>Header Files\Scanner</Filter>
    </ClInclude>
    <ClInclude Include="Token.hpp">
      <Filter>Header Files\Scanner</Filter>
    </ClInclude>
    <ClInclude Include="TokenType.h">
      <Filter>Header Files\Scanner</Filter>
    </ClInclude>
    <ClInclude Include="Expr.hpp">
      <Filter>Header Files\Ast</Filter>
    </ClInclude>
    <ClInclude Include="AstPrinterVisitor.hpp">
      <Filter>Header Files\Ast</Filter>
    </ClInclude>
    <ClInclude Include="Visitor.hpp">
      <Filter>Header Files\Ast</Filter>
    </ClInclude>
    <ClInclude Include="Parser.hpp">
      <Filter>Header Files\Parser</Filter>
    </ClInclude>
    <ClInclude Include="ParseError.h">
      <Filter>Header Files\Parser</Filter>
    </ClInclude>
  </ItemGroup>
  <ItemGroup>
    <Text Include="SampleSource.txt" />
  </ItemGroup>
</Project>